{
    "_readme": [
        "This file locks the dependencies of your project to a known state",
        "Read more about it at https://getcomposer.org/doc/01-basic-usage.md#composer-lock-the-lock-file",
        "This file is @generated automatically"
    ],
    "content-hash": "a8850834bd4d18c4b5859f11e3a0cd4e",
    "packages": [
        {
            "name": "this7/cache",
            "version": "dev-master",
            "source": {
                "type": "git",
                "url": "https://github.com/this7/cache.git",
                "reference": "db4875e03fd771ce3bc640e21161cc277b7829b6"
            },
            "dist": {
                "type": "zip",
                "url": "https://files.phpcomposer.com/files/this7/cache/db4875e03fd771ce3bc640e21161cc277b7829b6.zip",
                "reference": "db4875e03fd771ce3bc640e21161cc277b7829b6",
                "shasum": ""
            },
            "require": {
                "php": ">=5.6.0",
                "this7/config": "dev-master"
            },
            "type": "library",
            "autoload": {
                "psr-4": {
                    "this7\\cache\\": "src"
                }
            },
            "notification-url": "https://packagist.org/downloads/",
            "license": [
                "MIT"
            ],
            "authors": [
                {
                    "name": "Yan Tianzeng",
                    "email": "qinuoyun@qq.com",
                    "homepage": "http://www.ub-u7.com/"
                }
            ],
            "description": "this7 PHP cache class.",
            "homepage": "https://github.com/this7/cache",
            "keywords": [
                "php-frame",
                "this7",
                "this7 cache"
            ],
            "time": "2018-01-27T20:17:51+00:00"
        },
        {
            "name": "this7/config",
            "version": "dev-master",
            "source": {
                "type": "git",
                "url": "https://github.com/this7/config.git",
                "reference": "6af6adc76ad4d042898a9d9506c607b8d4e35a56"
            },
            "dist": {
                "type": "zip",
                "url": "https://files.phpcomposer.com/files/this7/config/6af6adc76ad4d042898a9d9506c607b8d4e35a56.zip",
                "reference": "6af6adc76ad4d042898a9d9506c607b8d4e35a56",
                "shasum": ""
            },
            "require": {
                "php": ">=5.6.0"
            },
            "type": "library",
            "autoload": {
                "files": [
                    "src/infrastructure.php",
                    "src/functions.php"
                ],
                "psr-4": {
                    "this7\\config\\": "src"
                }
            },
            "notification-url": "https://packagist.org/downloads/",
            "license": [
                "MIT"
            ],
            "authors": [
                {
                    "name": "Yan Tianzeng",
                    "email": "qinuoyun@qq.com",
                    "homepage": "http://www.ub-u7.com/"
                }
            ],
            "description": "this7 PHP config class.",
            "homepage": "https://github.com/this7/config",
            "keywords": [
                "php-frame",
                "this7",
                "this7 config"
            ],
            "time": "2018-01-28T07:17:25+00:00"
        },
        {
            "name": "this7/logger",
            "version": "dev-master",
            "source": {
                "type": "git",
                "url": "https://github.com/this7/logger.git",
                "reference": "64e0d96cef45b4870cac01c644bfdd8b0557e41f"
            },
            "dist": {
                "type": "zip",
                "url": "https://files.phpcomposer.com/files/this7/logger/64e0d96cef45b4870cac01c644bfdd8b0557e41f.zip",
                "reference": "64e0d96cef45b4870cac01c644bfdd8b0557e41f",
                "shasum": ""
            },
            "require": {
                "php": ">=5.6.0",
                "this7/config": "dev-master"
            },
            "type": "library",
            "autoload": {
                "psr-4": {
                    "this7\\logger\\": "src"
                }
            },
            "notification-url": "https://packagist.org/downloads/",
            "license": [
                "MIT"
            ],
            "authors": [
                {
                    "name": "Yan Tianzeng",
                    "email": "qinuoyun@qq.com",
                    "homepage": "http://www.ub-u7.com/"
                }
            ],
            "description": "this7 PHP logger class.",
            "homepage": "https://github.com/this7/logger",
            "keywords": [
                "php-frame",
                "this7",
                "this7 logger"
            ],
            "time": "2018-01-27T20:17:59+00:00"
        },
        {
            "name": "this7/routes",
            "version": "dev-master",
            "source": {
                "type": "git",
                "url": "https://github.com/this7/routes.git",
                "reference": "df730b976b31c26a81c6302abf6f2107af6997b9"
            },
            "dist": {
                "type": "zip",
                "url": "https://files.phpcomposer.com/files/this7/routes/df730b976b31c26a81c6302abf6f2107af6997b9.zip",
                "reference": "df730b976b31c26a81c6302abf6f2107af6997b9",
                "shasum": ""
            },
            "require": {
                "php": ">=5.3.3",
                "this7/config": "dev-master",
                "this7/view": "dev-master"
            },
            "type": "library",
            "autoload": {
                "psr-4": {
                    "this7\\routes\\": "src"
                }
            },
            "notification-url": "https://packagist.org/downloads/",
            "license": [
                "MIT"
            ],
            "authors": [
                {
                    "name": "Yan Tianzeng",
                    "email": "qinuoyun@qq.com",
                    "homepage": "http://www.ub-u7.com/"
                }
            ],
            "description": "this7 PHP framework router class.",
            "homepage": "https://github.com/this7/routes",
            "keywords": [
                "php",
                "php-router",
                "router"
            ],
            "time": "2018-01-28T07:15:07+00:00"
        },
        {
            "name": "this7/sql",
            "version": "dev-master",
            "source": {
                "type": "git",
                "url": "https://github.com/this7/sql.git",
                "reference": "dbb55bd137dd6c50ea73b0e87c315bba03c96e3d"
            },
            "dist": {
                "type": "zip",
                "url": "https://files.phpcomposer.com/files/this7/sql/dbb55bd137dd6c50ea73b0e87c315bba03c96e3d.zip",
                "reference": "dbb55bd137dd6c50ea73b0e87c315bba03c96e3d",
                "shasum": ""
            },
            "require": {
                "php": ">=5.3.3",
                "this7/config": "dev-master"
            },
            "type": "library",
            "autoload": {
                "psr-4": {
                    "this7\\sql\\": "src"
                }
            },
            "notification-url": "https://packagist.org/downloads/",
            "license": [
                "MIT"
            ],
            "authors": [
                {
                    "name": "Yan Tianzeng",
                    "email": "qinuoyun@qq.com",
                    "homepage": "http://www.ub-u7.com/"
                }
            ],
            "description": "this7 PHP framework router class.",
            "homepage": "https://github.com/this7/sql",
            "keywords": [
                "php",
                "php-router",
                "router"
            ],
            "time": "2018-01-28T07:17:43+00:00"
        },
        {
            "name": "this7/tags",
            "version": "dev-master",
            "source": {
                "type": "git",
                "url": "https://github.com/this7/tags.git",
                "reference": "e312524819df4cc6be8df1f77510479d27758d4c"
            },
            "dist": {
                "type": "zip",
                "url": "https://files.phpcomposer.com/files/this7/tags/e312524819df4cc6be8df1f77510479d27758d4c.zip",
                "reference": "e312524819df4cc6be8df1f77510479d27758d4c",
                "shasum": ""
            },
            "require": {
                "php": ">=5.3.3",
                "this7/config": "dev-master"
            },
            "type": "library",
            "autoload": {
                "psr-4": {
                    "this7\\tags\\": "src"
                }
            },
            "notification-url": "https://packagist.org/downloads/",
            "license": [
                "MIT"
            ],
            "authors": [
                {
                    "name": "Yan Tianzeng",
                    "email": "qinuoyun@qq.com",
                    "homepage": "http://www.ub-u7.com/"
                }
            ],
            "description": "this7 PHP framework tags class.",
            "homepage": "https://github.com/this7/tags",
            "keywords": [
                "php",
                "php-tags",
                "tags"
            ],
            "time": "2018-01-28T09:16:48+00:00"
        },
        {
            "name": "this7/tags-uikit",
            "version": "dev-master",
            "source": {
                "type": "git",
                "url": "https://github.com/this7/tags-uikit.git",
                "reference": "5cc940b580cf5f416b8d11da98db045c8b62f2a5"
            },
            "dist": {
                "type": "zip",
                "url": "https://files.phpcomposer.com/files/this7/tags-uikit/5cc940b580cf5f416b8d11da98db045c8b62f2a5.zip",
                "reference": "5cc940b580cf5f416b8d11da98db045c8b62f2a5",
                "shasum": ""
            },
            "require": {
                "php": ">=5.3.3",
                "this7/tags": "dev-master"
            },
            "type": "library",
            "autoload": {
                "psr-4": {
                    "this7\\tags_uikit\\": ""
                }
            },
            "notification-url": "https://packagist.org/downloads/",
            "license": [
                "MIT"
            ],
            "authors": [
                {
                    "name": "Yan Tianzeng",
                    "email": "qinuoyun@qq.com",
                    "homepage": "http://www.ub-u7.com/"
                }
            ],
            "description": "this7 PHP framework tags-uikit class.",
            "homepage": "https://github.com/this7/tags-uikit",
            "keywords": [
                "php",
                "php-tags-uikit",
                "tags-uikit"
            ],
            "time": "2018-01-28T09:43:26+00:00"
        },
        {
            "name": "this7/this7",
            "version": "dev-master",
            "source": {
                "type": "git",
                "url": "https://github.com/this7/this7.git",
                "reference": "dc6991eb8790cea827a8e0a0342e8068baa5a85a"
            },
            "dist": {
                "type": "zip",
                "url": "https://files.phpcomposer.com/files/this7/this7/dc6991eb8790cea827a8e0a0342e8068baa5a85a.zip",
                "reference": "dc6991eb8790cea827a8e0a0342e8068baa5a85a",
                "shasum": ""
            },
            "require": {
                "php": ">=5.6.0",
                "this7/cache": "dev-master",
                "this7/config": "dev-master",
                "this7/logger": "dev-master",
                "this7/routes": "dev-master",
                "this7/sql": "dev-master",
                "this7/util": "dev-master",
                "this7/view": "dev-master"
            },
            "type": "library",
            "autoload": {
                "psr-4": {
                    "this7\\framework\\": "src"
                }
            },
            "notification-url": "https://packagist.org/downloads/",
            "license": [
                "MIT"
            ],
            "authors": [
                {
                    "name": "Yan Tianzeng",
                    "email": "qinuoyun@qq.com",
                    "homepage": "http://www.ub-u7.com/"
                }
            ],
            "description": "this7 PHP framework class.",
            "homepage": "https://github.com/this7/framework",
            "keywords": [
                "php-frame",
                "this7",
                "this7 framework"
            ],
            "time": "2018-01-28T07:17:33+00:00"
        },
        {
            "name": "this7/util",
            "version": "dev-master",
            "source": {
                "type": "git",
                "url": "https://github.com/this7/util.git",
                "reference": "9ac207a04926644b2becb46e54d3d7ac26d98e5c"
            },
            "dist": {
                "type": "zip",
                "url": "https://files.phpcomposer.com/files/this7/util/9ac207a04926644b2becb46e54d3d7ac26d98e5c.zip",
                "reference": "9ac207a04926644b2becb46e54d3d7ac26d98e5c",
                "shasum": ""
            },
            "require": {
                "php": ">=5.6.6",
                "this7/config": "dev-master",
                "this7/logger": "dev-master"
            },
            "type": "library",
            "autoload": {
                "psr-4": {
                    "this7\\util\\": "src"
                }
            },
            "notification-url": "https://packagist.org/downloads/",
            "license": [
                "MIT"
            ],
            "authors": [
                {
                    "name": "Yan Tianzeng",
                    "email": "qinuoyun@qq.com",
                    "homepage": "http://www.ub-u7.com/"
                }
            ],
            "description": "this7 PHP util class.",
            "homepage": "https://github.com/this7/util",
            "keywords": [
                "php-util",
                "this7"
            ],
            "time": "2018-01-28T02:57:16+00:00"
        },
        {
            "name": "this7/view",
            "version": "dev-master",
            "source": {
                "type": "git",
                "url": "https://github.com/this7/view.git",
                "reference": "0cdfc306ca216a3f62b92dbc22d9ccd3e2a105b3"
            },
            "dist": {
                "type": "zip",
                "url": "https://files.phpcomposer.com/files/this7/view/0cdfc306ca216a3f62b92dbc22d9ccd3e2a105b3.zip",
                "reference": "0cdfc306ca216a3f62b92dbc22d9ccd3e2a105b3",
                "shasum": ""
            },
            "require": {
                "php": ">=5.6.6",
                "this7/cache": "dev-master",
                "this7/config": "dev-master",
                "this7/tags-uikit": "dev-master"
            },
            "type": "library",
            "autoload": {
                "psr-4": {
                    "this7\\view\\": "src"
                }
            },
            "notification-url": "https://packagist.org/downloads/",
            "license": [
                "MIT"
            ],
            "authors": [
                {
                    "name": "Yan Tianzeng",
                    "email": "qinuoyun@qq.com",
                    "homepage": "http://www.ub-u7.com/"
                }
            ],
            "description": "this7 PHP view class.",
            "homepage": "https://github.com/this7/view",
            "keywords": [
                "php-view",
                "this7"
            ],
            "time": "2018-01-28T09:44:24+00:00"
        }
    ],
    "packages-dev": [],
    "aliases": [],
    "minimum-stability": "dev",
    "stability-flags": {
        "this7/this7": 20
    },
    "prefer-stable": false,
    "prefer-lowest": false,
    "platform": {
        "php": ">=5.6.0"
    },
    "platform-dev": []
}
