{
    "_readme": [
        "This file locks the dependencies of your project to a known state",
        "Read more about it at https://getcomposer.org/doc/01-basic-usage.md#composer-lock-the-lock-file",
        "This file is @generated automatically"
    ],
    "content-hash": "3008f5eb96b4fd32ba83b9663ea44b7f",
    "packages": [
        {
            "name": "guzzle/guzzle",
            "version": "dev-master",
            "source": {
                "type": "git",
                "url": "https://github.com/guzzle/guzzle3.git",
                "reference": "f7778ed85e3db90009d79725afd6c3a82dab32fe"
            },
            "dist": {
                "type": "zip",
                "url": "https://files.phpcomposer.com/files/guzzle/guzzle3/f7778ed85e3db90009d79725afd6c3a82dab32fe.zip",
                "reference": "f7778ed85e3db90009d79725afd6c3a82dab32fe",
                "shasum": ""
            },
            "require": {
                "ext-curl": "*",
                "php": ">=5.3.3",
                "symfony/event-dispatcher": "~2.1"
            },
            "replace": {
                "guzzle/batch": "self.version",
                "guzzle/cache": "self.version",
                "guzzle/common": "self.version",
                "guzzle/http": "self.version",
                "guzzle/inflection": "self.version",
                "guzzle/iterator": "self.version",
                "guzzle/log": "self.version",
                "guzzle/parser": "self.version",
                "guzzle/plugin": "self.version",
                "guzzle/plugin-async": "self.version",
                "guzzle/plugin-backoff": "self.version",
                "guzzle/plugin-cache": "self.version",
                "guzzle/plugin-cookie": "self.version",
                "guzzle/plugin-curlauth": "self.version",
                "guzzle/plugin-error-response": "self.version",
                "guzzle/plugin-history": "self.version",
                "guzzle/plugin-log": "self.version",
                "guzzle/plugin-md5": "self.version",
                "guzzle/plugin-mock": "self.version",
                "guzzle/plugin-oauth": "self.version",
                "guzzle/service": "self.version",
                "guzzle/stream": "self.version"
            },
            "require-dev": {
                "doctrine/cache": "~1.3",
                "monolog/monolog": "~1.0",
                "phpunit/phpunit": "3.7.*",
                "psr/log": "~1.0",
                "symfony/class-loader": "~2.1",
                "zendframework/zend-cache": "2.*,<2.3",
                "zendframework/zend-log": "2.*,<2.3"
            },
            "suggest": {
                "guzzlehttp/guzzle": "Guzzle 5 has moved to a new package name. The package you have installed, Guzzle 3, is deprecated."
            },
            "type": "library",
            "extra": {
                "branch-alias": {
                    "dev-master": "3.9-dev"
                }
            },
            "autoload": {
                "psr-0": {
                    "Guzzle": "src/",
                    "Guzzle\\Tests": "tests/"
                }
            },
            "notification-url": "https://packagist.org/downloads/",
            "license": [
                "MIT"
            ],
            "authors": [
                {
                    "name": "Michael Dowling",
                    "email": "mtdowling@gmail.com",
                    "homepage": "https://github.com/mtdowling"
                },
                {
                    "name": "Guzzle Community",
                    "homepage": "https://github.com/guzzle/guzzle/contributors"
                }
            ],
            "description": "PHP HTTP client. This library is deprecated in favor of https://packagist.org/packages/guzzlehttp/guzzle",
            "homepage": "http://guzzlephp.org/",
            "keywords": [
                "client",
                "curl",
                "framework",
                "http",
                "http client",
                "rest",
                "web service"
            ],
            "abandoned": "guzzlehttp/guzzle",
            "time": "2016-10-26T18:22:07+00:00"
        },
        {
            "name": "qcloud/cos-sdk-v5",
            "version": "v1.1.3",
            "source": {
                "type": "git",
                "url": "https://github.com/tencentyun/cos-php-sdk-v5.git",
                "reference": "139023b48116a1762bbac8fb00896f1e469febe3"
            },
            "dist": {
                "type": "zip",
                "url": "https://files.phpcomposer.com/files/tencentyun/cos-php-sdk-v5/139023b48116a1762bbac8fb00896f1e469febe3.zip",
                "reference": "139023b48116a1762bbac8fb00896f1e469febe3",
                "shasum": ""
            },
            "require": {
                "guzzle/guzzle": "~3.7",
                "php": ">=5.3.3"
            },
            "type": "library",
            "autoload": {
                "psr-0": {
                    "Qcloud\\Cos\\": "src/"
                }
            },
            "notification-url": "https://packagist.org/downloads/",
            "authors": [
                {
                    "name": "lewzylu"
                }
            ],
            "description": "COS SDK for PHP",
            "time": "2018-01-05T07:18:02+00:00"
        },
        {
            "name": "qcloud/weapp-sdk",
            "version": "v2.1.1",
            "source": {
                "type": "git",
                "url": "https://github.com/tencentyun/wafer-php-server-sdk.git",
                "reference": "0d6eb85104dfade25025fa8048e5a5e9a089ce1f"
            },
            "dist": {
                "type": "zip",
                "url": "https://files.phpcomposer.com/files/tencentyun/wafer-php-server-sdk/0d6eb85104dfade25025fa8048e5a5e9a089ce1f.zip",
                "reference": "0d6eb85104dfade25025fa8048e5a5e9a089ce1f",
                "shasum": ""
            },
            "require": {
                "php": ">=5.4.0",
                "qcloud/cos-sdk-v5": "^1.1"
            },
            "require-dev": {
                "phpunit/phpunit": "4.8.*",
                "satooshi/php-coveralls": "~1.0"
            },
            "type": "library",
            "autoload": {
                "psr-4": {
                    "QCloud_WeApp_SDK\\": "lib/"
                }
            },
            "notification-url": "https://packagist.org/downloads/",
            "license": [
                "MIT"
            ],
            "authors": [
                {
                    "name": "miusuncle",
                    "email": "miusuncle@gmail.com",
                    "homepage": "http://miusuncle.github.io/"
                }
            ],
            "description": "php sdk for qcloud weapp server",
            "homepage": "https://www.qcloud.com/",
            "keywords": [
                "qcloud",
                "sdk",
                "weapp"
            ],
            "time": "2017-10-24T08:35:02+00:00"
        },
        {
            "name": "symfony/event-dispatcher",
            "version": "2.8.x-dev",
            "source": {
                "type": "git",
                "url": "https://github.com/symfony/event-dispatcher.git",
                "reference": "d64be24fc1eba62f9daace8a8918f797fc8e87cc"
            },
            "dist": {
                "type": "zip",
                "url": "https://files.phpcomposer.com/files/symfony/event-dispatcher/d64be24fc1eba62f9daace8a8918f797fc8e87cc.zip",
                "reference": "d64be24fc1eba62f9daace8a8918f797fc8e87cc",
                "shasum": ""
            },
            "require": {
                "php": ">=5.3.9"
            },
            "require-dev": {
                "psr/log": "~1.0",
                "symfony/config": "^2.0.5|~3.0.0",
                "symfony/dependency-injection": "~2.6|~3.0.0",
                "symfony/expression-language": "~2.6|~3.0.0",
                "symfony/stopwatch": "~2.3|~3.0.0"
            },
            "suggest": {
                "symfony/dependency-injection": "",
                "symfony/http-kernel": ""
            },
            "type": "library",
            "extra": {
                "branch-alias": {
                    "dev-master": "2.8-dev"
                }
            },
            "autoload": {
                "psr-4": {
                    "Symfony\\Component\\EventDispatcher\\": ""
                },
                "exclude-from-classmap": [
                    "/Tests/"
                ]
            },
            "notification-url": "https://packagist.org/downloads/",
            "license": [
                "MIT"
            ],
            "authors": [
                {
                    "name": "Fabien Potencier",
                    "email": "fabien@symfony.com"
                },
                {
                    "name": "Symfony Community",
                    "homepage": "https://symfony.com/contributors"
                }
            ],
            "description": "Symfony EventDispatcher Component",
            "homepage": "https://symfony.com",
            "time": "2018-01-03T07:36:31+00:00"
        },
        {
            "name": "this7/cache",
            "version": "dev-master",
            "source": {
                "type": "git",
                "url": "https://github.com/this7/cache.git",
                "reference": "b28dc79f18acc1e7d3b41f80c09aa067d1671cbf"
            },
            "dist": {
                "type": "zip",
                "url": "https://files.phpcomposer.com/files/this7/cache/b28dc79f18acc1e7d3b41f80c09aa067d1671cbf.zip",
                "reference": "b28dc79f18acc1e7d3b41f80c09aa067d1671cbf",
                "shasum": ""
            },
            "require": {
                "php": ">=5.6.0",
                "this7/config": "dev-master"
            },
            "type": "library",
            "autoload": {
                "psr-4": {
                    "this7\\cache\\": "src"
                }
            },
            "notification-url": "https://packagist.org/downloads/",
            "license": [
                "MIT"
            ],
            "authors": [
                {
                    "name": "Yan Tianzeng",
                    "email": "qinuoyun@qq.com",
                    "homepage": "http://www.ub-u7.com/"
                }
            ],
            "description": "this7 PHP cache class.",
            "homepage": "https://github.com/this7/cache",
            "keywords": [
                "php-frame",
                "this7",
                "this7 cache"
            ],
            "time": "2018-01-29T08:28:25+00:00"
        },
        {
            "name": "this7/config",
            "version": "dev-master",
            "source": {
                "type": "git",
                "url": "https://github.com/this7/config.git",
                "reference": "e19358ad2b3ad51048e17b93fc8e918098a25f65"
            },
            "dist": {
                "type": "zip",
                "url": "https://files.phpcomposer.com/files/this7/config/e19358ad2b3ad51048e17b93fc8e918098a25f65.zip",
                "reference": "e19358ad2b3ad51048e17b93fc8e918098a25f65",
                "shasum": ""
            },
            "require": {
                "php": ">=5.6.0"
            },
            "type": "library",
            "autoload": {
                "files": [
                    "src/infrastructure.php",
                    "src/functions.php"
                ],
                "psr-4": {
                    "this7\\config\\": "src"
                }
            },
            "notification-url": "https://packagist.org/downloads/",
            "license": [
                "MIT"
            ],
            "authors": [
                {
                    "name": "Yan Tianzeng",
                    "email": "qinuoyun@qq.com",
                    "homepage": "http://www.ub-u7.com/"
                }
            ],
            "description": "this7 PHP config class.",
            "homepage": "https://github.com/this7/config",
            "keywords": [
                "php-frame",
                "this7",
                "this7 config"
            ],
            "time": "2018-01-30T13:27:24+00:00"
        },
        {
            "name": "this7/logger",
            "version": "dev-master",
            "source": {
                "type": "git",
                "url": "https://github.com/this7/logger.git",
                "reference": "ee43c3790e38345b566f70e81dcbb7a382ab5497"
            },
            "dist": {
                "type": "zip",
                "url": "https://files.phpcomposer.com/files/this7/logger/ee43c3790e38345b566f70e81dcbb7a382ab5497.zip",
                "reference": "ee43c3790e38345b566f70e81dcbb7a382ab5497",
                "shasum": ""
            },
            "require": {
                "php": ">=5.6.0",
                "this7/config": "dev-master"
            },
            "type": "library",
            "autoload": {
                "psr-4": {
                    "this7\\logger\\": "src"
                }
            },
            "notification-url": "https://packagist.org/downloads/",
            "license": [
                "MIT"
            ],
            "authors": [
                {
                    "name": "Yan Tianzeng",
                    "email": "qinuoyun@qq.com",
                    "homepage": "http://www.ub-u7.com/"
                }
            ],
            "description": "this7 PHP logger class.",
            "homepage": "https://github.com/this7/logger",
            "keywords": [
                "php-frame",
                "this7",
                "this7 logger"
            ],
            "time": "2018-01-30T13:27:41+00:00"
        },
        {
            "name": "this7/login",
            "version": "dev-master",
            "source": {
                "type": "git",
                "url": "https://github.com/this7/login.git",
                "reference": "079151a41edd87cfa591b1a198515ce842977084"
            },
            "dist": {
                "type": "zip",
                "url": "https://files.phpcomposer.com/files/this7/login/079151a41edd87cfa591b1a198515ce842977084.zip",
                "reference": "079151a41edd87cfa591b1a198515ce842977084",
                "shasum": ""
            },
            "require": {
                "php": ">=5.6.6",
                "this7/config": "dev-master",
                "this7/util": "dev-master",
                "this7/wechat": "dev-master"
            },
            "type": "library",
            "autoload": {
                "psr-4": {
                    "this7\\login\\": "src"
                }
            },
            "notification-url": "https://packagist.org/downloads/",
            "license": [
                "MIT"
            ],
            "authors": [
                {
                    "name": "Yan Tianzeng",
                    "email": "qinuoyun@qq.com",
                    "homepage": "http://www.ub-u7.com/"
                }
            ],
            "description": "this7 PHP login class.",
            "homepage": "https://github.com/this7/login",
            "keywords": [
                "php-login",
                "this7"
            ],
            "time": "2018-01-30T13:27:53+00:00"
        },
        {
            "name": "this7/request",
            "version": "dev-master",
            "source": {
                "type": "git",
                "url": "https://github.com/this7/request.git",
                "reference": "3ea90c0a0a076317fbd5cffec42b445a37ac5e58"
            },
            "dist": {
                "type": "zip",
                "url": "https://files.phpcomposer.com/files/this7/request/3ea90c0a0a076317fbd5cffec42b445a37ac5e58.zip",
                "reference": "3ea90c0a0a076317fbd5cffec42b445a37ac5e58",
                "shasum": ""
            },
            "require": {
                "php": ">=5.6.6",
                "this7/config": "dev-master"
            },
            "type": "library",
            "autoload": {
                "psr-4": {
                    "this7\\request\\": "src"
                }
            },
            "notification-url": "https://packagist.org/downloads/",
            "license": [
                "MIT"
            ],
            "authors": [
                {
                    "name": "Yan Tianzeng",
                    "email": "qinuoyun@qq.com",
                    "homepage": "http://www.ub-u7.com/"
                }
            ],
            "description": "this7 PHP request class.",
            "homepage": "https://github.com/this7/request",
            "keywords": [
                "php-request",
                "this7"
            ],
            "time": "2018-01-29T08:30:59+00:00"
        },
        {
            "name": "this7/routes",
            "version": "dev-master",
            "source": {
                "type": "git",
                "url": "https://github.com/this7/routes.git",
                "reference": "f023e76bf3ccc7079d77b8ddb93ce8afe5a15008"
            },
            "dist": {
                "type": "zip",
                "url": "https://files.phpcomposer.com/files/this7/routes/f023e76bf3ccc7079d77b8ddb93ce8afe5a15008.zip",
                "reference": "f023e76bf3ccc7079d77b8ddb93ce8afe5a15008",
                "shasum": ""
            },
            "require": {
                "php": ">=5.3.3",
                "this7/config": "dev-master",
                "this7/view": "dev-master"
            },
            "type": "library",
            "autoload": {
                "psr-4": {
                    "this7\\routes\\": "src"
                }
            },
            "notification-url": "https://packagist.org/downloads/",
            "license": [
                "MIT"
            ],
            "authors": [
                {
                    "name": "Yan Tianzeng",
                    "email": "qinuoyun@qq.com",
                    "homepage": "http://www.ub-u7.com/"
                }
            ],
            "description": "this7 PHP framework router class.",
            "homepage": "https://github.com/this7/routes",
            "keywords": [
                "php",
                "php-router",
                "router"
            ],
            "time": "2018-01-30T13:28:02+00:00"
        },
        {
            "name": "this7/sql",
            "version": "dev-master",
            "source": {
                "type": "git",
                "url": "https://github.com/this7/sql.git",
                "reference": "0c60b1bb9faa3d90a84b8582e4d03de32a503ba5"
            },
            "dist": {
                "type": "zip",
                "url": "https://files.phpcomposer.com/files/this7/sql/0c60b1bb9faa3d90a84b8582e4d03de32a503ba5.zip",
                "reference": "0c60b1bb9faa3d90a84b8582e4d03de32a503ba5",
                "shasum": ""
            },
            "require": {
                "php": ">=5.3.3",
                "this7/config": "dev-master"
            },
            "type": "library",
            "autoload": {
                "psr-4": {
                    "this7\\sql\\": "src"
                }
            },
            "notification-url": "https://packagist.org/downloads/",
            "license": [
                "MIT"
            ],
            "authors": [
                {
                    "name": "Yan Tianzeng",
                    "email": "qinuoyun@qq.com",
                    "homepage": "http://www.ub-u7.com/"
                }
            ],
            "description": "this7 PHP framework router class.",
            "homepage": "https://github.com/this7/sql",
            "keywords": [
                "php",
                "php-router",
                "router"
            ],
            "time": "2018-01-29T08:31:39+00:00"
        },
        {
            "name": "this7/tags",
            "version": "dev-master",
            "source": {
                "type": "git",
                "url": "https://github.com/this7/tags.git",
                "reference": "6b669d2f165b2337cf061682392517ab8c36f840"
            },
            "dist": {
                "type": "zip",
                "url": "https://files.phpcomposer.com/files/this7/tags/6b669d2f165b2337cf061682392517ab8c36f840.zip",
                "reference": "6b669d2f165b2337cf061682392517ab8c36f840",
                "shasum": ""
            },
            "require": {
                "php": ">=5.3.3",
                "this7/config": "dev-master"
            },
            "type": "library",
            "autoload": {
                "psr-4": {
                    "this7\\tags\\": "src"
                }
            },
            "notification-url": "https://packagist.org/downloads/",
            "license": [
                "MIT"
            ],
            "authors": [
                {
                    "name": "Yan Tianzeng",
                    "email": "qinuoyun@qq.com",
                    "homepage": "http://www.ub-u7.com/"
                }
            ],
            "description": "this7 PHP framework tags class.",
            "homepage": "https://github.com/this7/tags",
            "keywords": [
                "php",
                "php-tags",
                "tags"
            ],
            "time": "2018-01-29T08:31:52+00:00"
        },
        {
            "name": "this7/tags-uikit",
            "version": "dev-master",
            "source": {
                "type": "git",
                "url": "https://github.com/this7/tags-uikit.git",
                "reference": "05b8722af64a14cd8db2edd32143ffaa8077fcc5"
            },
            "dist": {
                "type": "zip",
                "url": "https://files.phpcomposer.com/files/this7/tags-uikit/05b8722af64a14cd8db2edd32143ffaa8077fcc5.zip",
                "reference": "05b8722af64a14cd8db2edd32143ffaa8077fcc5",
                "shasum": ""
            },
            "require": {
                "php": ">=5.3.3",
                "this7/tags": "dev-master"
            },
            "type": "library",
            "autoload": {
                "psr-4": {
                    "this7\\tags_uikit\\": ""
                }
            },
            "notification-url": "https://packagist.org/downloads/",
            "license": [
                "MIT"
            ],
            "authors": [
                {
                    "name": "Yan Tianzeng",
                    "email": "qinuoyun@qq.com",
                    "homepage": "http://www.ub-u7.com/"
                }
            ],
            "description": "this7 PHP framework tags-uikit class.",
            "homepage": "https://github.com/this7/tags-uikit",
            "keywords": [
                "php",
                "php-tags-uikit",
                "tags-uikit"
            ],
            "time": "2018-01-29T11:20:20+00:00"
        },
        {
            "name": "this7/this7",
            "version": "dev-master",
            "source": {
                "type": "git",
                "url": "https://github.com/this7/this7.git",
                "reference": "8f0bf4abdae34c53443ef1801b57455841246d15"
            },
            "dist": {
                "type": "zip",
                "url": "https://files.phpcomposer.com/files/this7/this7/8f0bf4abdae34c53443ef1801b57455841246d15.zip",
                "reference": "8f0bf4abdae34c53443ef1801b57455841246d15",
                "shasum": ""
            },
            "require": {
                "php": ">=5.6.0",
                "this7/cache": "dev-master",
                "this7/config": "dev-master",
                "this7/logger": "dev-master",
                "this7/request": "dev-master",
                "this7/routes": "dev-master",
                "this7/sql": "dev-master",
                "this7/util": "dev-master",
                "this7/view": "dev-master"
            },
            "type": "library",
            "autoload": {
                "psr-4": {
                    "this7\\framework\\": "src",
                    "this7\\staticize\\": "lib"
                }
            },
            "notification-url": "https://packagist.org/downloads/",
            "license": [
                "MIT"
            ],
            "authors": [
                {
                    "name": "Yan Tianzeng",
                    "email": "qinuoyun@qq.com",
                    "homepage": "http://www.ub-u7.com/"
                }
            ],
            "description": "this7 PHP framework class.",
            "homepage": "https://github.com/this7/framework",
            "keywords": [
                "php-frame",
                "this7",
                "this7 framework"
            ],
            "time": "2018-01-30T13:26:32+00:00"
        },
        {
            "name": "this7/util",
            "version": "dev-master",
            "source": {
                "type": "git",
                "url": "https://github.com/this7/util.git",
                "reference": "642735ab937ea67c0204f02ea040a5b36bc9eb4a"
            },
            "dist": {
                "type": "zip",
                "url": "https://files.phpcomposer.com/files/this7/util/642735ab937ea67c0204f02ea040a5b36bc9eb4a.zip",
                "reference": "642735ab937ea67c0204f02ea040a5b36bc9eb4a",
                "shasum": ""
            },
            "require": {
                "php": ">=5.6.6",
                "this7/config": "dev-master",
                "this7/logger": "dev-master"
            },
            "type": "library",
            "autoload": {
                "psr-4": {
                    "this7\\util\\": "src"
                }
            },
            "notification-url": "https://packagist.org/downloads/",
            "license": [
                "MIT"
            ],
            "authors": [
                {
                    "name": "Yan Tianzeng",
                    "email": "qinuoyun@qq.com",
                    "homepage": "http://www.ub-u7.com/"
                }
            ],
            "description": "this7 PHP util class.",
            "homepage": "https://github.com/this7/util",
            "keywords": [
                "php-util",
                "this7"
            ],
            "time": "2018-01-29T08:32:49+00:00"
        },
        {
            "name": "this7/view",
            "version": "dev-master",
            "source": {
                "type": "git",
                "url": "https://github.com/this7/view.git",
                "reference": "d52ecf2253a6c3745d738c02a996ea7328b8896f"
            },
            "dist": {
                "type": "zip",
                "url": "https://files.phpcomposer.com/files/this7/view/d52ecf2253a6c3745d738c02a996ea7328b8896f.zip",
                "reference": "d52ecf2253a6c3745d738c02a996ea7328b8896f",
                "shasum": ""
            },
            "require": {
                "php": ">=5.6.6",
                "this7/cache": "dev-master",
                "this7/config": "dev-master",
                "this7/tags-uikit": "dev-master"
            },
            "type": "library",
            "autoload": {
                "psr-4": {
                    "this7\\view\\": "src"
                }
            },
            "notification-url": "https://packagist.org/downloads/",
            "license": [
                "MIT"
            ],
            "authors": [
                {
                    "name": "Yan Tianzeng",
                    "email": "qinuoyun@qq.com",
                    "homepage": "http://www.ub-u7.com/"
                }
            ],
            "description": "this7 PHP view class.",
            "homepage": "https://github.com/this7/view",
            "keywords": [
                "php-view",
                "this7"
            ],
            "time": "2018-01-30T13:27:07+00:00"
        },
        {
            "name": "this7/wechat",
            "version": "dev-master",
            "source": {
                "type": "git",
                "url": "https://github.com/this7/wechat.git",
                "reference": "b8811db15f448b15efb554ad2dc10599920798eb"
            },
            "dist": {
                "type": "zip",
                "url": "https://files.phpcomposer.com/files/this7/wechat/b8811db15f448b15efb554ad2dc10599920798eb.zip",
                "reference": "b8811db15f448b15efb554ad2dc10599920798eb",
                "shasum": ""
            },
            "require": {
                "php": ">=5.6.6",
                "qcloud/weapp-sdk": "v2.1.1",
                "this7/config": "dev-master"
            },
            "type": "library",
            "autoload": {
                "psr-4": {
                    "this7\\wechat\\": "src"
                }
            },
            "notification-url": "https://packagist.org/downloads/",
            "license": [
                "MIT"
            ],
            "authors": [
                {
                    "name": "Yan Tianzeng",
                    "email": "qinuoyun@qq.com",
                    "homepage": "http://www.ub-u7.com/"
                }
            ],
            "description": "this7 PHP wechat class.",
            "homepage": "https://github.com/this7/wechat",
            "keywords": [
                "php-wechat",
                "this7"
            ],
            "time": "2018-01-29T08:33:27+00:00"
        }
    ],
    "packages-dev": [],
    "aliases": [],
    "minimum-stability": "dev",
    "stability-flags": {
        "this7/this7": 20,
        "this7/login": 20,
        "this7/request": 20,
        "this7/wechat": 20
    },
    "prefer-stable": false,
    "prefer-lowest": false,
    "platform": {
        "php": ">=5.6.0"
    },
    "platform-dev": []
}
